
Microsoft Visual Studio Solution File, Format Version 12.00
# Visual Studio Version 16
VisualStudioVersion = 16.0.30204.135
MinimumVisualStudioVersion = 10.0.40219.1
Project("{FAE04EC0-301F-11D3-BF4B-00C04F79EFBC}") = "GIP-CallWebApi", "Login\GIP-CallWebApi.csproj", "{E948F1DB-8E97-46AA-9D2B-5F3525DD202A}"
EndProject
Global
	GlobalSection(SolutionConfigurationPlatforms) = preSolution
		Debug|Any CPU = Debug|Any CPU
		Release|Any CPU = Release|Any CPU
	EndGlobalSection
	GlobalSection(ProjectConfigurationPlatforms) = postSolution
		{E948F1DB-8E97-46AA-9D2B-5F3525DD202A}.Debug|Any CPU.ActiveCfg = Debug|Any CPU
		{E948F1DB-8E97-46AA-9D2B-5F3525DD202A}.Debug|Any CPU.Build.0 = Debug|Any CPU
		{E948F1DB-8E97-46AA-9D2B-5F3525DD202A}.Release|Any CPU.ActiveCfg = Release|Any CPU
		{E948F1DB-8E97-46AA-9D2B-5F3525DD202A}.Release|Any CPU.Build.0 = Release|Any CPU
	EndGlobalSection
	GlobalSection(SolutionProperties) = preSolution
		HideSolutionNode = FALSE
	EndGlobalSection
	GlobalSection(ExtensibilityGlobals) = postSolution
		SolutionGuid = {D19A9215-75B5-4C01-B1FB-BB89D7B1AA45}
	EndGlobalSection
EndGlobal
